
Microsoft Visual Studio Solution File, Format Version 12.00
# Visual Studio Version 17
VisualStudioVersion = 17.0.31903.59
MinimumVisualStudioVersion = 10.0.40219.1
Project("{FAE04EC0-301F-11D3-BF4B-00C04F79EFBC}") = "HSPI_HistoricalRecords", "plugin\HSPI_HistoricalRecords.csproj", "{6AFED710-7BB6-40E3-B4CD-4642DA950411}"
EndProject
Project("{2150E333-8FDC-42A3-9474-1A3956D46DE8}") = "Solution Items", "Solution Items", "{06CED1A2-CA0B-4322-B627-D86E2A6AE0CE}"
	ProjectSection(SolutionItems) = preProject
		.editorconfig = .editorconfig
	EndProjectSection
EndProject
Project("{FAE04EC0-301F-11D3-BF4B-00C04F79EFBC}") = "HSPI_HistoricalRecordsTest", "tests\HSPI_HistoricalRecordsTest.csproj", "{3189DB00-014C-48F2-BD3E-81615E268641}"
EndProject
Project("{2150E333-8FDC-42A3-9474-1A3956D46DE8}") = "asserts", "asserts", "{B025E2CA-865B-45C8-88FD-2CEE4FCD0EEA}"
	ProjectSection(SolutionItems) = preProject
		asserts\full-logo.png = asserts\full-logo.png
		asserts\icon.ico = asserts\icon.ico
		asserts\icon.png = asserts\icon.png
		Introduction.md = Introduction.md
	EndProjectSection
EndProject
Global
	GlobalSection(SolutionConfigurationPlatforms) = preSolution
		Debug|Any CPU = Debug|Any CPU
		Release|Any CPU = Release|Any CPU
	EndGlobalSection
	GlobalSection(ProjectConfigurationPlatforms) = postSolution
		{6AFED710-7BB6-40E3-B4CD-4642DA950411}.Debug|Any CPU.ActiveCfg = Debug|Any CPU
		{6AFED710-7BB6-40E3-B4CD-4642DA950411}.Debug|Any CPU.Build.0 = Debug|Any CPU
		{6AFED710-7BB6-40E3-B4CD-4642DA950411}.Release|Any CPU.ActiveCfg = Release|Any CPU
		{6AFED710-7BB6-40E3-B4CD-4642DA950411}.Release|Any CPU.Build.0 = Release|Any CPU
		{3189DB00-014C-48F2-BD3E-81615E268641}.Debug|Any CPU.ActiveCfg = Debug|Any CPU
		{3189DB00-014C-48F2-BD3E-81615E268641}.Debug|Any CPU.Build.0 = Debug|Any CPU
		{3189DB00-014C-48F2-BD3E-81615E268641}.Release|Any CPU.ActiveCfg = Release|Any CPU
		{3189DB00-014C-48F2-BD3E-81615E268641}.Release|Any CPU.Build.0 = Release|Any CPU
	EndGlobalSection
	GlobalSection(SolutionProperties) = preSolution
		HideSolutionNode = FALSE
	EndGlobalSection
	GlobalSection(ExtensibilityGlobals) = postSolution
		SolutionGuid = {FE998417-A98E-4086-B3ED-ED96577CC200}
	EndGlobalSection
EndGlobal
